
Microsoft Visual Studio Solution File, Format Version 12.00
# Visual Studio Version 16
VisualStudioVersion = 16.0.29009.5
MinimumVisualStudioVersion = 10.0.40219.1
Project("{FAE04EC0-301F-11D3-BF4B-00C04F79EFBC}") = "wdft", "WebDAVFileTransfer\wdft.csproj", "{A98E40D5-EB1F-4C41-B7D6-C0FA1C6B9EF4}"
EndProject
Global
	GlobalSection(SolutionConfigurationPlatforms) = preSolution
		Debug|Any CPU = Debug|Any CPU
		Release|Any CPU = Release|Any CPU
	EndGlobalSection
	GlobalSection(ProjectConfigurationPlatforms) = postSolution
		{A98E40D5-EB1F-4C41-B7D6-C0FA1C6B9EF4}.Debug|Any CPU.ActiveCfg = Debug|Any CPU
		{A98E40D5-EB1F-4C41-B7D6-C0FA1C6B9EF4}.Debug|Any CPU.Build.0 = Debug|Any CPU
		{A98E40D5-EB1F-4C41-B7D6-C0FA1C6B9EF4}.Release|Any CPU.ActiveCfg = Release|Any CPU
		{A98E40D5-EB1F-4C41-B7D6-C0FA1C6B9EF4}.Release|Any CPU.Build.0 = Release|Any CPU
	EndGlobalSection
	GlobalSection(SolutionProperties) = preSolution
		HideSolutionNode = FALSE
	EndGlobalSection
	GlobalSection(ExtensibilityGlobals) = postSolution
		SolutionGuid = {201C2193-B812-497A-8E7C-AC901A9ACC34}
	EndGlobalSection
EndGlobal
